
Microsoft Visual Studio Solution File, Format Version 12.00
# Visual Studio 15
VisualStudioVersion = 15.0.26228.57
MinimumVisualStudioVersion = 10.0.40219.1
Project("{8BC9CEB8-8B4A-11D0-8D11-00A0C91BC942}") = "snakesGL", "snakesGL.vcxproj", "{FAC70C54-3368-45C1-BA4A-0DF75606F76D}"
EndProject
Global
	GlobalSection(SolutionConfigurationPlatforms) = preSolution
		Debug|x64 = Debug|x64
		Release|x64 = Release|x64
	EndGlobalSection
	GlobalSection(ProjectConfigurationPlatforms) = postSolution
		{FAC70C54-3368-45C1-BA4A-0DF75606F76D}.Debug|x64.ActiveCfg = Release|x64
		{FAC70C54-3368-45C1-BA4A-0DF75606F76D}.Debug|x64.Build.0 = Release|x64
		{FAC70C54-3368-45C1-BA4A-0DF75606F76D}.Release|x64.ActiveCfg = Release|x64
		{FAC70C54-3368-45C1-BA4A-0DF75606F76D}.Release|x64.Build.0 = Release|x64
	EndGlobalSection
	GlobalSection(SolutionProperties) = preSolution
		HideSolutionNode = FALSE
	EndGlobalSection
	GlobalSection(ExtensibilityGlobals) = postSolution
		SolutionGuid = {1A51BE92-0000-44D3-8A38-8EA2E17EA0FE}
	EndGlobalSection
EndGlobal
